PODS:
  - AMap3DMap (5.7.0):
    - AMapFoundation (~> 1.4)
  - AMapFoundation (1.4.3)
  - AMapLocation (2.6.0):
    - AMapFoundation (~> 1.4)
  - AMapNavi (5.4.0):
    - AMap3DMap (>= 5.6.0)
    - AMapFoundation (~> 1.4)
  - AMapSearch (5.7.0):
    - AMapFoundation (~> 1.4)
  - Bugly (2.5.0)
  - lottie-ios (2.5.0)
  - lottie-react-native (2.2.7):
    - lottie-ios
    - React
  - React (0.52.2):
    - React/Core (= 0.52.2)
  - react-native-maps (0.19.0):
    - React
  - React/ART (0.52.2):
    - React/Core
  - React/BatchedBridge (0.52.2):
    - React/Core
    - React/cxxreact_legacy
  - React/Core (0.52.2):
    - yoga (= 0.52.2.React)
  - React/cxxreact_legacy (0.52.2):
    - React/jschelpers_legacy
    - React/jsinspector_legacy
  - React/DevSupport (0.52.2):
    - React/Core
    - React/RCTWebSocket
  - React/fishhook (0.52.2)
  - React/jschelpers_legacy (0.52.2)
  - React/jsinspector_legacy (0.52.2)
  - React/RCTActionSheet (0.52.2):
    - React/Core
  - React/RCTAnimation (0.52.2):
    - React/Core
  - React/RCTBlob (0.52.2):
    - React/Core
  - React/RCTCameraRoll (0.52.2):
    - React/Core
    - React/RCTImage
  - React/RCTGeolocation (0.52.2):
    - React/Core
  - React/RCTImage (0.52.2):
    - React/Core
    - React/RCTNetwork
  - React/RCTLinkingIOS (0.52.2):
    - React/Core
  - React/RCTNetwork (0.52.2):
    - React/Core
  - React/RCTPushNotification (0.52.2):
    - React/Core
  - React/RCTSettings (0.52.2):
    - React/Core
  - React/RCTText (0.52.2):
    - React/Core
  - React/RCTVibration (0.52.2):
    - React/Core
  - React/RCTWebSocket (0.52.2):
    - React/Core
    - React/fishhook
    - React/RCTBlob
  - RNFS (2.9.7):
    - React
  - yoga (0.52.2.React)

DEPENDENCIES:
  - AMapLocation
  - AMapNavi
  - AMapSearch
  - Bugly
  - lottie-ios (from `../node_modules/lottie-ios`)
  - lottie-react-native (from `../node_modules/lottie-react-native`)
  - react-native-maps (from `../node_modules/react-native-maps`)
  - React/ART (from `../node_modules/react-native`)
  - React/BatchedBridge (from `../node_modules/react-native`)
  - React/Core (from `../node_modules/react-native`)
  - React/DevSupport (from `../node_modules/react-native`)
  - React/RCTActionSheet (from `../node_modules/react-native`)
  - React/RCTAnimation (from `../node_modules/react-native`)
  - React/RCTCameraRoll (from `../node_modules/react-native`)
  - React/RCTGeolocation (from `../node_modules/react-native`)
  - React/RCTImage (from `../node_modules/react-native`)
  - React/RCTLinkingIOS (from `../node_modules/react-native`)
  - React/RCTNetwork (from `../node_modules/react-native`)
  - React/RCTPushNotification (from `../node_modules/react-native`)
  - React/RCTSettings (from `../node_modules/react-native`)
  - React/RCTText (from `../node_modules/react-native`)
  - React/RCTVibration (from `../node_modules/react-native`)
  - React/RCTWebSocket (from `../node_modules/react-native`)
  - RNFS (from `../node_modules/react-native-fs`)
  - yoga (from `../node_modules/react-native/ReactCommon/yoga`)

EXTERNAL SOURCES:
  lottie-ios:
    :path: ../node_modules/lottie-ios
  lottie-react-native:
    :path: ../node_modules/lottie-react-native
  React:
    :path: ../node_modules/react-native
  react-native-maps:
    :path: ../node_modules/react-native-maps
  RNFS:
    :path: ../node_modules/react-native-fs
  yoga:
    :path: ../node_modules/react-native/ReactCommon/yoga

SPEC CHECKSUMS:
  AMap3DMap: 97afc57b88628237d916991ac31795eb7bde3f63
  AMapFoundation: 973682cfe60b92efd73a8ef8f1144fa0fa8e1296
  AMapLocation: 55116a2c8956eab7550cbb56e989aa5cdcc424e3
  AMapNavi: 2c1a58663249e4e638031888941513a6be8fefaf
  AMapSearch: 314f75e9ce282b53dbf66455efa416c39f12b5b1
  Bugly: 3ca9f255c01025582df26f9222893b383c7e4b4e
  lottie-ios: d699fdee68d7b63e721d949388b015fef1aaa4ac
  lottie-react-native: 7473cccb5efa322498c850bffc60acc9dc0c5846
  React: 001655c2b9dfc2f55e8271c60098d4f4227fb1b3
  react-native-maps: d3b689927722398a12a4b3007fd9a0c60e1c48cd
  RNFS: c44a045cb06c6a496a27f37bd1b50f2c36422cf3
  yoga: 18f5bf8fba4b4a31ca4b42ac931fce5537e1923c

PODFILE CHECKSUM: 88b013252e861a8f3268adaf1fc9bdd87218a14e

COCOAPODS: 1.3.1
