PODS:
  - AMap3DMap (5.7.0):
    - AMapFoundation (~> 1.4)
  - AMapFoundation (1.4.3)
  - AMapLocation (2.6.0):
    - AMapFoundation (~> 1.4)
  - AMapNavi (5.5.0):
    - AMap3DMap (>= 5.6.0)
    - AMapFoundation (~> 1.4)
  - AMapSearch (5.7.0):
    - AMapFoundation (~> 1.4)
  - boost (1.59.0):
    - boost/graph-includes (= 1.59.0)
    - boost/math-includes (= 1.59.0)
    - boost/numeric-includes (= 1.59.0)
    - boost/pointer_cast-includes (= 1.59.0)
    - boost/preprocessor-includes (= 1.59.0)
    - boost/shared_ptr-includes (= 1.59.0)
    - boost/string_algorithms-includes (= 1.59.0)
  - boost/graph-includes (1.59.0)
  - boost/math-includes (1.59.0)
  - boost/numeric-includes (1.59.0)
  - boost/pointer_cast-includes (1.59.0)
  - boost/preprocessor-includes (1.59.0)
  - boost/shared_ptr-includes (1.59.0)
  - boost/string_algorithms-includes (1.59.0)
  - Bugly (2.5.0)
  - CodePush (5.2.1):
    - CodePush/Base64 (= 5.2.1)
    - CodePush/Core (= 5.2.1)
    - CodePush/JWT (= 5.2.1)
    - CodePush/SSZipArchive (= 5.2.1)
    - React
  - CodePush/Base64 (5.2.1):
    - React
  - CodePush/Core (5.2.1):
    - React
  - CodePush/JWT (5.2.1):
    - React
  - CodePush/SSZipArchive (5.2.1):
    - React
  - DoubleConversion (1.1.5)
  - Folly (2016.09.26.00):
    - boost
    - DoubleConversion
    - GLog
  - GLog (0.3.4)
  - Google-Maps-iOS-Utils (2.1.0):
    - Google-Maps-iOS-Utils/Clustering (= 2.1.0)
    - Google-Maps-iOS-Utils/Geometry (= 2.1.0)
    - Google-Maps-iOS-Utils/Heatmap (= 2.1.0)
    - Google-Maps-iOS-Utils/QuadTree (= 2.1.0)
    - GoogleMaps
  - Google-Maps-iOS-Utils/Clustering (2.1.0):
    - Google-Maps-iOS-Utils/QuadTree
    - GoogleMaps
  - Google-Maps-iOS-Utils/Geometry (2.1.0):
    - GoogleMaps
  - Google-Maps-iOS-Utils/Heatmap (2.1.0):
    - Google-Maps-iOS-Utils/QuadTree
    - GoogleMaps
  - Google-Maps-iOS-Utils/QuadTree (2.1.0):
    - GoogleMaps
  - GoogleMaps (2.5.0):
    - GoogleMaps/Maps (= 2.5.0)
  - GoogleMaps/Base (2.5.0)
  - GoogleMaps/Maps (2.5.0):
    - GoogleMaps/Base
  - lottie-ios (2.5.0)
  - lottie-react-native (2.3.2):
    - lottie-ios
    - React
  - Picker (4.3.5):
    - Picker/Core (= 4.3.5)
  - Picker/Core (4.3.5)
  - React (0.52.3):
    - React/Core (= 0.52.3)
  - react-native-google-maps (0.20.1):
    - GoogleMaps (= 2.5.0)
    - React
  - react-native-image-picker (0.14.3):
    - React
  - react-native-maps (0.20.1):
    - React
  - React/Core (0.52.3):
    - yoga (= 0.52.3.React)
  - React/CxxBridge (0.52.3):
    - Folly (= 2016.09.26.00)
    - React/Core
    - React/cxxreact
  - React/cxxreact (0.52.3):
    - boost
    - Folly (= 2016.09.26.00)
    - React/jschelpers
    - React/jsinspector
  - React/DevSupport (0.52.3):
    - React/Core
    - React/RCTWebSocket
  - React/fishhook (0.52.3)
  - React/jschelpers (0.52.3):
    - Folly (= 2016.09.26.00)
    - React/PrivateDatabase
  - React/jsinspector (0.52.3)
  - React/PrivateDatabase (0.52.3)
  - React/RCTActionSheet (0.52.3):
    - React/Core
  - React/RCTAnimation (0.52.3):
    - React/Core
  - React/RCTBlob (0.52.3):
    - React/Core
  - React/RCTGeolocation (0.52.3):
    - React/Core
  - React/RCTImage (0.52.3):
    - React/Core
    - React/RCTNetwork
  - React/RCTLinkingIOS (0.52.3):
    - React/Core
  - React/RCTNetwork (0.52.3):
    - React/Core
  - React/RCTSettings (0.52.3):
    - React/Core
  - React/RCTText (0.52.3):
    - React/Core
  - React/RCTVibration (0.52.3):
    - React/Core
  - React/RCTWebSocket (0.52.3):
    - React/Core
    - React/fishhook
    - React/RCTBlob
  - RNDeviceInfo (0.21.4)
  - RNFS (2.9.7):
    - React
  - RNOpenAppSettings (1.0.0):
    - React
  - RNVectorIcons (4.5.0):
    - React
  - UMCCommon (1.4.1)
  - UMCSecurityPlugins (1.0.6)
  - UMCShare/Core (6.8.2):
    - UMCCommon
  - UMCShare/Social/Facebook (6.8.2):
    - UMCCommon
    - UMCShare/Core
  - UMCShare/Social/GooglePlus (6.8.2):
    - UMCCommon
    - UMCShare/Core
  - UMCShare/Social/QQ (6.8.2):
    - UMCCommon
    - UMCShare/Core
    - UMCShare/Social/ReducedQQ
  - UMCShare/Social/ReducedQQ (6.8.2):
    - UMCCommon
    - UMCShare/Core
  - UMCShare/Social/ReducedSina (6.8.2):
    - UMCCommon
    - UMCShare/Core
  - UMCShare/Social/ReducedWeChat (6.8.2):
    - UMCCommon
    - UMCShare/Core
  - UMCShare/Social/Sina (6.8.2):
    - UMCCommon
    - UMCShare/Core
    - UMCShare/Social/ReducedSina
  - UMCShare/Social/Twitter (6.8.2):
    - UMCCommon
    - UMCShare/Core
  - UMCShare/Social/WeChat (6.8.2):
    - UMCCommon
    - UMCShare/Core
    - UMCShare/Social/ReducedWeChat
  - UMCShare/Social/WhatsApp (6.8.2):
    - UMCCommon
    - UMCShare/Core
  - UMCShare/UI (6.8.2):
    - UMCCommon
    - UMCShare/Core
  - yoga (0.52.3.React)

DEPENDENCIES:
  - AMapLocation
  - AMapNavi
  - AMapSearch
  - Bugly
  - CodePush (from `../node_modules/react-native-code-push`)
  - DoubleConversion (from `../node_modules/react-native/third-party-podspecs/DoubleConversion.podspec`)
  - Folly (from `../node_modules/react-native/third-party-podspecs/Folly.podspec`)
  - GLog (from `../node_modules/react-native/third-party-podspecs/GLog.podspec`)
  - Google-Maps-iOS-Utils
  - GoogleMaps
  - lottie-ios (from `../node_modules/lottie-ios`)
  - lottie-react-native (from `../node_modules/lottie-react-native`)
  - Picker (from `../node_modules/react-native-picker`)
  - react-native-google-maps (from `../node_modules/react-native-maps`)
  - react-native-image-picker (from `../node_modules/react-native-image-picker`)
  - react-native-maps (from `../node_modules/react-native-maps`)
  - React/Core (from `../node_modules/react-native`)
  - React/CxxBridge (from `../node_modules/react-native`)
  - React/DevSupport (from `../node_modules/react-native`)
  - React/RCTActionSheet (from `../node_modules/react-native`)
  - React/RCTAnimation (from `../node_modules/react-native`)
  - React/RCTGeolocation (from `../node_modules/react-native`)
  - React/RCTImage (from `../node_modules/react-native`)
  - React/RCTLinkingIOS (from `../node_modules/react-native`)
  - React/RCTNetwork (from `../node_modules/react-native`)
  - React/RCTSettings (from `../node_modules/react-native`)
  - React/RCTText (from `../node_modules/react-native`)
  - React/RCTVibration (from `../node_modules/react-native`)
  - React/RCTWebSocket (from `../node_modules/react-native`)
  - RNDeviceInfo (from `../node_modules/react-native-device-info`)
  - RNFS (from `../node_modules/react-native-fs`)
  - RNOpenAppSettings (from `../node_modules/react-native-app-settings/ios`)
  - RNVectorIcons (from `../node_modules/react-native-vector-icons`)
  - UMCCommon
  - UMCSecurityPlugins
  - UMCShare/Social/Facebook
  - UMCShare/Social/GooglePlus
  - UMCShare/Social/QQ
  - UMCShare/Social/Sina
  - UMCShare/Social/Twitter
  - UMCShare/Social/WeChat
  - UMCShare/Social/WhatsApp
  - UMCShare/UI
  - yoga (from `../node_modules/react-native/ReactCommon/yoga/yoga.podspec`)

EXTERNAL SOURCES:
  CodePush:
    :path: ../node_modules/react-native-code-push
  DoubleConversion:
    :podspec: ../node_modules/react-native/third-party-podspecs/DoubleConversion.podspec
  Folly:
    :podspec: ../node_modules/react-native/third-party-podspecs/Folly.podspec
  GLog:
    :podspec: ../node_modules/react-native/third-party-podspecs/GLog.podspec
  lottie-ios:
    :path: ../node_modules/lottie-ios
  lottie-react-native:
    :path: ../node_modules/lottie-react-native
  Picker:
    :path: ../node_modules/react-native-picker
  React:
    :path: ../node_modules/react-native
  react-native-google-maps:
    :path: ../node_modules/react-native-maps
  react-native-image-picker:
    :path: ../node_modules/react-native-image-picker
  react-native-maps:
    :path: ../node_modules/react-native-maps
  RNDeviceInfo:
    :path: ../node_modules/react-native-device-info
  RNFS:
    :path: ../node_modules/react-native-fs
  RNOpenAppSettings:
    :path: ../node_modules/react-native-app-settings/ios
  RNVectorIcons:
    :path: ../node_modules/react-native-vector-icons
  yoga:
    :path: ../node_modules/react-native/ReactCommon/yoga/yoga.podspec

SPEC CHECKSUMS:
  AMap3DMap: 97afc57b88628237d916991ac31795eb7bde3f63
  AMapFoundation: 973682cfe60b92efd73a8ef8f1144fa0fa8e1296
  AMapLocation: 55116a2c8956eab7550cbb56e989aa5cdcc424e3
  AMapNavi: d2759fcd67b82b0a8e07fe7317ef0bfe339de47d
  AMapSearch: 314f75e9ce282b53dbf66455efa416c39f12b5b1
  boost: 30a15ffb6d9aa4646dd3caffc960753f4cb4ca4e
  Bugly: 3ca9f255c01025582df26f9222893b383c7e4b4e
  CodePush: af67b07310e4037ecd5c38f03c7a51c6350240b5
  DoubleConversion: ebb6747c5b66026ad4f97b789c3ceac6f18e57a6
  Folly: b7255b29f1d693c375d642d0f04f0592181156d9
  GLog: 3e4e4ae9746ce6bf6e9420c7fc1e08ad59c8ba1a
  Google-Maps-iOS-Utils: c32891ff472eaaa1fca032beedafa1a013af7875
  GoogleMaps: c087b8e5dfe87ca6ebf59adb9b4894a4146bec4f
  lottie-ios: 9f24be3ecb13412223b6ac70d97437742b0e3de1
  lottie-react-native: db4bd75685428c4ad0ec2f913145abff3d38b640
  Picker: f11a9887a32fb5112a31851bbf523362af0f7bbc
  React: 43e97926f429d846050880666de1809e22dd5cc5
  react-native-google-maps: 963fc78a5ac32dad3a726e4fa08b5307faa5cab2
  react-native-image-picker: 42cfe2c8435d893414f8714a81e480313cb1412b
  react-native-maps: 066c2afcc89e18726377bcc685315f989ca22449
  RNDeviceInfo: 06a9f93956871270fe4a07785e6fa4dea82eef74
  RNFS: bbb1a64eb245763daf34aea86f97c97c4e85f74c
  RNOpenAppSettings: 60a145f95df5ef2fac318f46d3d90103c0e20189
  RNVectorIcons: c0dbfbf6068fefa240c37b0f71bd03b45dddac44
  UMCCommon: ed0b882a939c45850f6803a5837698572a3e9b96
  UMCSecurityPlugins: 0831a08f3988f3cea9f1d3a7626cd9bee4fef150
  UMCShare: ab74e3c818cd305846609b15b0daf36872213c28
  yoga: 55da126afc384965b96bff46652464373b330add

PODFILE CHECKSUM: 96250c47cc837c8ad00e96f5403129cf1da6ff48

COCOAPODS: 1.4.0
