PODS:
  - AMap3DMap (5.7.0):
    - AMapFoundation (~> 1.4)
  - AMapFoundation (1.4.3)
  - AMapLocation (2.6.0):
    - AMapFoundation (~> 1.4)
  - AMapNavi (5.5.0):
    - AMap3DMap (>= 5.6.0)
    - AMapFoundation (~> 1.4)
  - AMapSearch (5.7.0):
    - AMapFoundation (~> 1.4)
  - Bugly (2.5.0)
  - UMCCommon (1.4.1)
  - UMCSecurityPlugins (1.0.6)
  - UMCShare/Core (6.8.2):
    - UMCCommon
  - UMCShare/Social/Facebook (6.8.2):
    - UMCCommon
    - UMCShare/Core
  - UMCShare/Social/GooglePlus (6.8.2):
    - UMCCommon
    - UMCShare/Core
  - UMCShare/Social/QQ (6.8.2):
    - UMCCommon
    - UMCShare/Core
    - UMCShare/Social/ReducedQQ
  - UMCShare/Social/ReducedQQ (6.8.2):
    - UMCCommon
    - UMCShare/Core
  - UMCShare/Social/ReducedSina (6.8.2):
    - UMCCommon
    - UMCShare/Core
  - UMCShare/Social/ReducedWeChat (6.8.2):
    - UMCCommon
    - UMCShare/Core
  - UMCShare/Social/Sina (6.8.2):
    - UMCCommon
    - UMCShare/Core
    - UMCShare/Social/ReducedSina
  - UMCShare/Social/Twitter (6.8.2):
    - UMCCommon
    - UMCShare/Core
  - UMCShare/Social/WeChat (6.8.2):
    - UMCCommon
    - UMCShare/Core
    - UMCShare/Social/ReducedWeChat
  - UMCShare/Social/WhatsApp (6.8.2):
    - UMCCommon
    - UMCShare/Core
  - UMCShare/UI (6.8.2):
    - UMCCommon
    - UMCShare/Core

DEPENDENCIES:
  - AMapLocation
  - AMapNavi
  - AMapSearch
  - Bugly
  - UMCCommon
  - UMCSecurityPlugins
  - UMCShare/Social/Facebook
  - UMCShare/Social/GooglePlus
  - UMCShare/Social/QQ
  - UMCShare/Social/Sina
  - UMCShare/Social/Twitter
  - UMCShare/Social/WeChat
  - UMCShare/Social/WhatsApp
  - UMCShare/UI

SPEC CHECKSUMS:
  AMap3DMap: 97afc57b88628237d916991ac31795eb7bde3f63
  AMapFoundation: 973682cfe60b92efd73a8ef8f1144fa0fa8e1296
  AMapLocation: 55116a2c8956eab7550cbb56e989aa5cdcc424e3
  AMapNavi: d2759fcd67b82b0a8e07fe7317ef0bfe339de47d
  AMapSearch: 314f75e9ce282b53dbf66455efa416c39f12b5b1
  Bugly: 3ca9f255c01025582df26f9222893b383c7e4b4e
  UMCCommon: ed0b882a939c45850f6803a5837698572a3e9b96
  UMCSecurityPlugins: 0831a08f3988f3cea9f1d3a7626cd9bee4fef150
  UMCShare: ab74e3c818cd305846609b15b0daf36872213c28

PODFILE CHECKSUM: 7644ba23482cded052a5091eaf25b796a793cc35

COCOAPODS: 1.3.1
